
Microsoft Visual Studio Solution File, Format Version 12.00
# Visual Studio Version 16
VisualStudioVersion = 16.0.28803.352
MinimumVisualStudioVersion = 10.0.40219.1
Project("{2150E333-8FDC-42A3-9474-1A3956D46DE8}") = "src", "src", "{1100096A-0653-4819-819C-71E7627A145D}"
EndProject
Project("{2150E333-8FDC-42A3-9474-1A3956D46DE8}") = "1 - Service", "1 - Service", "{5F6B5055-EBD5-4FB8-84C4-EF511F51B159}"
EndProject
Project("{2150E333-8FDC-42A3-9474-1A3956D46DE8}") = "2 - Application", "2 - Application", "{15C2C932-C1B2-4733-9F06-B5D9ED464122}"
EndProject
Project("{2150E333-8FDC-42A3-9474-1A3956D46DE8}") = "3 - Domain", "3 - Domain", "{7B0DDFD9-A4DF-4F1C-A6D8-0382F4742EE7}"
EndProject
Project("{2150E333-8FDC-42A3-9474-1A3956D46DE8}") = "4 - Infra", "4 - Infra", "{5C42EFF3-DAC2-4C9F-B50A-4BA0AB76B5D5}"
EndProject
Project("{2150E333-8FDC-42A3-9474-1A3956D46DE8}") = "4.1 - Data", "4.1 - Data", "{ECBB95DE-F0A1-4B99-8894-9A19F254D6A7}"
EndProject
Project("{2150E333-8FDC-42A3-9474-1A3956D46DE8}") = "4.2 - CrossCutting", "4.2 - CrossCutting", "{A002535F-2527-4D4F-A82A-8AE935B8ADA1}"
EndProject
Project("{9A19103F-16F7-4668-BE54-9A1E7A4F7556}") = "FourAsset.Domain", "4Asset.Domain\FourAsset.Domain.csproj", "{05B065EF-CD03-4A5D-AB9D-7932B578748F}"
EndProject
Project("{9A19103F-16F7-4668-BE54-9A1E7A4F7556}") = "FourAsset.Application", "4Asset.Application\FourAsset.Application.csproj", "{15AFA328-D102-43EA-BA2C-133B8C3316A5}"
EndProject
Project("{9A19103F-16F7-4668-BE54-9A1E7A4F7556}") = "FourAsset.Infra.Data", "4Asset.Infra.Data\FourAsset.Infra.Data.csproj", "{CB204FE4-B0EC-4E01-BCD1-9C211061D055}"
EndProject
Project("{9A19103F-16F7-4668-BE54-9A1E7A4F7556}") = "FourAsset.Infra.CrossCutting", "4Asset.Infra.CrossCutting\FourAsset.Infra.CrossCutting.csproj", "{60BDBA76-7DBA-431B-8E04-BC0116C8687B}"
EndProject
Project("{2150E333-8FDC-42A3-9474-1A3956D46DE8}") = "0 - Presentation", "0 - Presentation", "{7B032015-FDA0-4FD0-B1FA-AEE44A62AE5B}"
EndProject
Project("{9A19103F-16F7-4668-BE54-9A1E7A4F7556}") = "FourAsset.Service.Api", "4Asset.Service.Api\FourAsset.Service.Api.csproj", "{D4B12238-352C-4676-9FA1-D585B5C9F19F}"
EndProject
Project("{2150E333-8FDC-42A3-9474-1A3956D46DE8}") = "5 - Test", "5 - Test", "{0A0C6790-7B68-4334-87C8-EE513718DCBE}"
EndProject
Project("{9A19103F-16F7-4668-BE54-9A1E7A4F7556}") = "FourAsset.IntegrationTest", "FourAsset.IntegrationTest\FourAsset.IntegrationTest.csproj", "{012D2112-36CB-447D-8F2F-0A105DB705AE}"
EndProject
Project("{E24C65DC-7377-472B-9ABA-BC803B73C61A}") = "four-asset", "4Asset.Presentation\four-asset\", "{63C705F6-EC16-48F6-97ED-61149D88C69C}"
	ProjectSection(WebsiteProperties) = preProject
		TargetFrameworkMoniker = ".NETFramework,Version%3Dv4.0"
		Debug.AspNetCompiler.VirtualPath = "/localhost_64462"
		Debug.AspNetCompiler.PhysicalPath = "4Asset.Presentation\four-asset\"
		Debug.AspNetCompiler.TargetPath = "PrecompiledWeb\localhost_64462\"
		Debug.AspNetCompiler.Updateable = "true"
		Debug.AspNetCompiler.ForceOverwrite = "true"
		Debug.AspNetCompiler.FixedNames = "false"
		Debug.AspNetCompiler.Debug = "True"
		Release.AspNetCompiler.VirtualPath = "/localhost_64462"
		Release.AspNetCompiler.PhysicalPath = "4Asset.Presentation\four-asset\"
		Release.AspNetCompiler.TargetPath = "PrecompiledWeb\localhost_64462\"
		Release.AspNetCompiler.Updateable = "true"
		Release.AspNetCompiler.ForceOverwrite = "true"
		Release.AspNetCompiler.FixedNames = "false"
		Release.AspNetCompiler.Debug = "False"
		VWDPort = "64462"
		SlnRelativePath = "4Asset.Presentation\four-asset\"
	EndProjectSection
EndProject
Global
	GlobalSection(SolutionConfigurationPlatforms) = preSolution
		Debug|Any CPU = Debug|Any CPU
		Release|Any CPU = Release|Any CPU
	EndGlobalSection
	GlobalSection(ProjectConfigurationPlatforms) = postSolution
		{05B065EF-CD03-4A5D-AB9D-7932B578748F}.Debug|Any CPU.ActiveCfg = Debug|Any CPU
		{05B065EF-CD03-4A5D-AB9D-7932B578748F}.Debug|Any CPU.Build.0 = Debug|Any CPU
		{05B065EF-CD03-4A5D-AB9D-7932B578748F}.Release|Any CPU.ActiveCfg = Release|Any CPU
		{05B065EF-CD03-4A5D-AB9D-7932B578748F}.Release|Any CPU.Build.0 = Release|Any CPU
		{15AFA328-D102-43EA-BA2C-133B8C3316A5}.Debug|Any CPU.ActiveCfg = Debug|Any CPU
		{15AFA328-D102-43EA-BA2C-133B8C3316A5}.Debug|Any CPU.Build.0 = Debug|Any CPU
		{15AFA328-D102-43EA-BA2C-133B8C3316A5}.Release|Any CPU.ActiveCfg = Release|Any CPU
		{15AFA328-D102-43EA-BA2C-133B8C3316A5}.Release|Any CPU.Build.0 = Release|Any CPU
		{CB204FE4-B0EC-4E01-BCD1-9C211061D055}.Debug|Any CPU.ActiveCfg = Debug|Any CPU
		{CB204FE4-B0EC-4E01-BCD1-9C211061D055}.Debug|Any CPU.Build.0 = Debug|Any CPU
		{CB204FE4-B0EC-4E01-BCD1-9C211061D055}.Release|Any CPU.ActiveCfg = Release|Any CPU
		{CB204FE4-B0EC-4E01-BCD1-9C211061D055}.Release|Any CPU.Build.0 = Release|Any CPU
		{60BDBA76-7DBA-431B-8E04-BC0116C8687B}.Debug|Any CPU.ActiveCfg = Debug|Any CPU
		{60BDBA76-7DBA-431B-8E04-BC0116C8687B}.Debug|Any CPU.Build.0 = Debug|Any CPU
		{60BDBA76-7DBA-431B-8E04-BC0116C8687B}.Release|Any CPU.ActiveCfg = Release|Any CPU
		{60BDBA76-7DBA-431B-8E04-BC0116C8687B}.Release|Any CPU.Build.0 = Release|Any CPU
		{D4B12238-352C-4676-9FA1-D585B5C9F19F}.Debug|Any CPU.ActiveCfg = Debug|Any CPU
		{D4B12238-352C-4676-9FA1-D585B5C9F19F}.Debug|Any CPU.Build.0 = Debug|Any CPU
		{D4B12238-352C-4676-9FA1-D585B5C9F19F}.Release|Any CPU.ActiveCfg = Release|Any CPU
		{D4B12238-352C-4676-9FA1-D585B5C9F19F}.Release|Any CPU.Build.0 = Release|Any CPU
		{012D2112-36CB-447D-8F2F-0A105DB705AE}.Debug|Any CPU.ActiveCfg = Debug|Any CPU
		{012D2112-36CB-447D-8F2F-0A105DB705AE}.Debug|Any CPU.Build.0 = Debug|Any CPU
		{012D2112-36CB-447D-8F2F-0A105DB705AE}.Release|Any CPU.ActiveCfg = Release|Any CPU
		{012D2112-36CB-447D-8F2F-0A105DB705AE}.Release|Any CPU.Build.0 = Release|Any CPU
		{63C705F6-EC16-48F6-97ED-61149D88C69C}.Debug|Any CPU.ActiveCfg = Debug|Any CPU
		{63C705F6-EC16-48F6-97ED-61149D88C69C}.Debug|Any CPU.Build.0 = Debug|Any CPU
		{63C705F6-EC16-48F6-97ED-61149D88C69C}.Release|Any CPU.ActiveCfg = Debug|Any CPU
		{63C705F6-EC16-48F6-97ED-61149D88C69C}.Release|Any CPU.Build.0 = Debug|Any CPU
	EndGlobalSection
	GlobalSection(SolutionProperties) = preSolution
		HideSolutionNode = FALSE
	EndGlobalSection
	GlobalSection(NestedProjects) = preSolution
		{5F6B5055-EBD5-4FB8-84C4-EF511F51B159} = {1100096A-0653-4819-819C-71E7627A145D}
		{15C2C932-C1B2-4733-9F06-B5D9ED464122} = {1100096A-0653-4819-819C-71E7627A145D}
		{7B0DDFD9-A4DF-4F1C-A6D8-0382F4742EE7} = {1100096A-0653-4819-819C-71E7627A145D}
		{5C42EFF3-DAC2-4C9F-B50A-4BA0AB76B5D5} = {1100096A-0653-4819-819C-71E7627A145D}
		{ECBB95DE-F0A1-4B99-8894-9A19F254D6A7} = {5C42EFF3-DAC2-4C9F-B50A-4BA0AB76B5D5}
		{A002535F-2527-4D4F-A82A-8AE935B8ADA1} = {5C42EFF3-DAC2-4C9F-B50A-4BA0AB76B5D5}
		{05B065EF-CD03-4A5D-AB9D-7932B578748F} = {7B0DDFD9-A4DF-4F1C-A6D8-0382F4742EE7}
		{15AFA328-D102-43EA-BA2C-133B8C3316A5} = {15C2C932-C1B2-4733-9F06-B5D9ED464122}
		{CB204FE4-B0EC-4E01-BCD1-9C211061D055} = {ECBB95DE-F0A1-4B99-8894-9A19F254D6A7}
		{60BDBA76-7DBA-431B-8E04-BC0116C8687B} = {A002535F-2527-4D4F-A82A-8AE935B8ADA1}
		{7B032015-FDA0-4FD0-B1FA-AEE44A62AE5B} = {1100096A-0653-4819-819C-71E7627A145D}
		{D4B12238-352C-4676-9FA1-D585B5C9F19F} = {5F6B5055-EBD5-4FB8-84C4-EF511F51B159}
		{0A0C6790-7B68-4334-87C8-EE513718DCBE} = {1100096A-0653-4819-819C-71E7627A145D}
		{012D2112-36CB-447D-8F2F-0A105DB705AE} = {0A0C6790-7B68-4334-87C8-EE513718DCBE}
		{63C705F6-EC16-48F6-97ED-61149D88C69C} = {7B032015-FDA0-4FD0-B1FA-AEE44A62AE5B}
	EndGlobalSection
	GlobalSection(ExtensibilityGlobals) = postSolution
		SolutionGuid = {8CF53869-869A-4CDA-86F1-3F60C07A8762}
	EndGlobalSection
EndGlobal
